
Microsoft Visual Studio Solution File, Format Version 12.00
# Visual Studio Version 17
VisualStudioVersion = 17.5.002.0
MinimumVisualStudioVersion = 10.0.40219.1
Project("{9A19103F-16F7-4668-BE54-9A1E7A4F7556}") = "Challenge", "Challenge.csproj", "{39BA0A69-5126-4538-B47B-C7A87CD9AAD5}"
EndProject
Global
	GlobalSection(SolutionConfigurationPlatforms) = preSolution
		Debug|Any CPU = Debug|Any CPU
		Release|Any CPU = Release|Any CPU
	EndGlobalSection
	GlobalSection(ProjectConfigurationPlatforms) = postSolution
		{39BA0A69-5126-4538-B47B-C7A87CD9AAD5}.Debug|Any CPU.ActiveCfg = Debug|Any CPU
		{39BA0A69-5126-4538-B47B-C7A87CD9AAD5}.Debug|Any CPU.Build.0 = Debug|Any CPU
		{39BA0A69-5126-4538-B47B-C7A87CD9AAD5}.Release|Any CPU.ActiveCfg = Release|Any CPU
		{39BA0A69-5126-4538-B47B-C7A87CD9AAD5}.Release|Any CPU.Build.0 = Release|Any CPU
	EndGlobalSection
	GlobalSection(SolutionProperties) = preSolution
		HideSolutionNode = FALSE
	EndGlobalSection
	GlobalSection(ExtensibilityGlobals) = postSolution
		SolutionGuid = {D4DE06C7-59D5-499E-A442-2D421D93149A}
	EndGlobalSection
EndGlobal
